
Microsoft Visual Studio Solution File, Format Version 12.00
# Visual Studio Version 17
VisualStudioVersion = 17.0.31903.59
MinimumVisualStudioVersion = 10.0.40219.1
Project("{FAE04EC0-301F-11D3-BF4B-00C04F79EFBC}") = "AcaiDelivery.API", "AcaiDelivery.API\AcaiDelivery.API.csproj", "{A7540D05-F149-4484-A4C2-E146C11F2309}"
EndProject
Project("{FAE04EC0-301F-11D3-BF4B-00C04F79EFBC}") = "AcaiDelivery.Domain", "AcaiDelivery.Domain\AcaiDelivery.Domain.csproj", "{A2338C7C-D410-45CF-9ABE-653214569F1F}"
EndProject
Project("{FAE04EC0-301F-11D3-BF4B-00C04F79EFBC}") = "AcaiDelivery.Application", "AcaiDelivery.Application\AcaiDelivery.Application.csproj", "{44309606-AA4D-4042-9AEF-6660CF492CF0}"
EndProject
Project("{FAE04EC0-301F-11D3-BF4B-00C04F79EFBC}") = "AcaiDelivery.Infrastructure", "AcaiDelivery.Infrastructure\AcaiDelivery.Infrastructure.csproj", "{6C06F95B-361C-4794-8BA5-31930BADDF01}"
EndProject
Project("{FAE04EC0-301F-11D3-BF4B-00C04F79EFBC}") = "AcaiDelivery.Tests", "AcaiDelivery.Tests\AcaiDelivery.Tests.csproj", "{7E915E61-C7A5-4148-A9FB-DE9E3038536B}"
EndProject
Global
	GlobalSection(SolutionConfigurationPlatforms) = preSolution
		Debug|Any CPU = Debug|Any CPU
		Debug|x64 = Debug|x64
		Debug|x86 = Debug|x86
		Release|Any CPU = Release|Any CPU
		Release|x64 = Release|x64
		Release|x86 = Release|x86
	EndGlobalSection
	GlobalSection(ProjectConfigurationPlatforms) = postSolution
		{A7540D05-F149-4484-A4C2-E146C11F2309}.Debug|Any CPU.ActiveCfg = Debug|Any CPU
		{A7540D05-F149-4484-A4C2-E146C11F2309}.Debug|Any CPU.Build.0 = Debug|Any CPU
		{A7540D05-F149-4484-A4C2-E146C11F2309}.Debug|x64.ActiveCfg = Debug|Any CPU
		{A7540D05-F149-4484-A4C2-E146C11F2309}.Debug|x64.Build.0 = Debug|Any CPU
		{A7540D05-F149-4484-A4C2-E146C11F2309}.Debug|x86.ActiveCfg = Debug|Any CPU
		{A7540D05-F149-4484-A4C2-E146C11F2309}.Debug|x86.Build.0 = Debug|Any CPU
		{A7540D05-F149-4484-A4C2-E146C11F2309}.Release|Any CPU.ActiveCfg = Release|Any CPU
		{A7540D05-F149-4484-A4C2-E146C11F2309}.Release|Any CPU.Build.0 = Release|Any CPU
		{A7540D05-F149-4484-A4C2-E146C11F2309}.Release|x64.ActiveCfg = Release|Any CPU
		{A7540D05-F149-4484-A4C2-E146C11F2309}.Release|x64.Build.0 = Release|Any CPU
		{A7540D05-F149-4484-A4C2-E146C11F2309}.Release|x86.ActiveCfg = Release|Any CPU
		{A7540D05-F149-4484-A4C2-E146C11F2309}.Release|x86.Build.0 = Release|Any CPU
		{A2338C7C-D410-45CF-9ABE-653214569F1F}.Debug|Any CPU.ActiveCfg = Debug|Any CPU
		{A2338C7C-D410-45CF-9ABE-653214569F1F}.Debug|Any CPU.Build.0 = Debug|Any CPU
		{A2338C7C-D410-45CF-9ABE-653214569F1F}.Debug|x64.ActiveCfg = Debug|Any CPU
		{A2338C7C-D410-45CF-9ABE-653214569F1F}.Debug|x64.Build.0 = Debug|Any CPU
		{A2338C7C-D410-45CF-9ABE-653214569F1F}.Debug|x86.ActiveCfg = Debug|Any CPU
		{A2338C7C-D410-45CF-9ABE-653214569F1F}.Debug|x86.Build.0 = Debug|Any CPU
		{A2338C7C-D410-45CF-9ABE-653214569F1F}.Release|Any CPU.ActiveCfg = Release|Any CPU
		{A2338C7C-D410-45CF-9ABE-653214569F1F}.Release|Any CPU.Build.0 = Release|Any CPU
		{A2338C7C-D410-45CF-9ABE-653214569F1F}.Release|x64.ActiveCfg = Release|Any CPU
		{A2338C7C-D410-45CF-9ABE-653214569F1F}.Release|x64.Build.0 = Release|Any CPU
		{A2338C7C-D410-45CF-9ABE-653214569F1F}.Release|x86.ActiveCfg = Release|Any CPU
		{A2338C7C-D410-45CF-9ABE-653214569F1F}.Release|x86.Build.0 = Release|Any CPU
		{44309606-AA4D-4042-9AEF-6660CF492CF0}.Debug|Any CPU.ActiveCfg = Debug|Any CPU
		{44309606-AA4D-4042-9AEF-6660CF492CF0}.Debug|Any CPU.Build.0 = Debug|Any CPU
		{44309606-AA4D-4042-9AEF-6660CF492CF0}.Debug|x64.ActiveCfg = Debug|Any CPU
		{44309606-AA4D-4042-9AEF-6660CF492CF0}.Debug|x64.Build.0 = Debug|Any CPU
		{44309606-AA4D-4042-9AEF-6660CF492CF0}.Debug|x86.ActiveCfg = Debug|Any CPU
		{44309606-AA4D-4042-9AEF-6660CF492CF0}.Debug|x86.Build.0 = Debug|Any CPU
		{44309606-AA4D-4042-9AEF-6660CF492CF0}.Release|Any CPU.ActiveCfg = Release|Any CPU
		{44309606-AA4D-4042-9AEF-6660CF492CF0}.Release|Any CPU.Build.0 = Release|Any CPU
		{44309606-AA4D-4042-9AEF-6660CF492CF0}.Release|x64.ActiveCfg = Release|Any CPU
		{44309606-AA4D-4042-9AEF-6660CF492CF0}.Release|x64.Build.0 = Release|Any CPU
		{44309606-AA4D-4042-9AEF-6660CF492CF0}.Release|x86.ActiveCfg = Release|Any CPU
		{44309606-AA4D-4042-9AEF-6660CF492CF0}.Release|x86.Build.0 = Release|Any CPU
		{6C06F95B-361C-4794-8BA5-31930BADDF01}.Debug|Any CPU.ActiveCfg = Debug|Any CPU
		{6C06F95B-361C-4794-8BA5-31930BADDF01}.Debug|Any CPU.Build.0 = Debug|Any CPU
		{6C06F95B-361C-4794-8BA5-31930BADDF01}.Debug|x64.ActiveCfg = Debug|Any CPU
		{6C06F95B-361C-4794-8BA5-31930BADDF01}.Debug|x64.Build.0 = Debug|Any CPU
		{6C06F95B-361C-4794-8BA5-31930BADDF01}.Debug|x86.ActiveCfg = Debug|Any CPU
		{6C06F95B-361C-4794-8BA5-31930BADDF01}.Debug|x86.Build.0 = Debug|Any CPU
		{6C06F95B-361C-4794-8BA5-31930BADDF01}.Release|Any CPU.ActiveCfg = Release|Any CPU
		{6C06F95B-361C-4794-8BA5-31930BADDF01}.Release|Any CPU.Build.0 = Release|Any CPU
		{6C06F95B-361C-4794-8BA5-31930BADDF01}.Release|x64.ActiveCfg = Release|Any CPU
		{6C06F95B-361C-4794-8BA5-31930BADDF01}.Release|x64.Build.0 = Release|Any CPU
		{6C06F95B-361C-4794-8BA5-31930BADDF01}.Release|x86.ActiveCfg = Release|Any CPU
		{6C06F95B-361C-4794-8BA5-31930BADDF01}.Release|x86.Build.0 = Release|Any CPU
		{7E915E61-C7A5-4148-A9FB-DE9E3038536B}.Debug|Any CPU.ActiveCfg = Debug|Any CPU
		{7E915E61-C7A5-4148-A9FB-DE9E3038536B}.Debug|Any CPU.Build.0 = Debug|Any CPU
		{7E915E61-C7A5-4148-A9FB-DE9E3038536B}.Debug|x64.ActiveCfg = Debug|Any CPU
		{7E915E61-C7A5-4148-A9FB-DE9E3038536B}.Debug|x64.Build.0 = Debug|Any CPU
		{7E915E61-C7A5-4148-A9FB-DE9E3038536B}.Debug|x86.ActiveCfg = Debug|Any CPU
		{7E915E61-C7A5-4148-A9FB-DE9E3038536B}.Debug|x86.Build.0 = Debug|Any CPU
		{7E915E61-C7A5-4148-A9FB-DE9E3038536B}.Release|Any CPU.ActiveCfg = Release|Any CPU
		{7E915E61-C7A5-4148-A9FB-DE9E3038536B}.Release|Any CPU.Build.0 = Release|Any CPU
		{7E915E61-C7A5-4148-A9FB-DE9E3038536B}.Release|x64.ActiveCfg = Release|Any CPU
		{7E915E61-C7A5-4148-A9FB-DE9E3038536B}.Release|x64.Build.0 = Release|Any CPU
		{7E915E61-C7A5-4148-A9FB-DE9E3038536B}.Release|x86.ActiveCfg = Release|Any CPU
		{7E915E61-C7A5-4148-A9FB-DE9E3038536B}.Release|x86.Build.0 = Release|Any CPU
	EndGlobalSection
	GlobalSection(SolutionProperties) = preSolution
		HideSolutionNode = FALSE
	EndGlobalSection
EndGlobal
